
Microsoft Visual Studio Solution File, Format Version 12.00
# Visual Studio 2017
Project("{FAE04EC0-301F-11D3-BF4B-00C04F79EFBC}") = "A-Cube_StackOverflow", "A-Cube_StackOverflow.csproj", "{3AAD694B-CCED-E954-F732-79FF30C3896F}"
EndProject
Global
	GlobalSection(SolutionConfigurationPlatforms) = preSolution
		Debug|Any CPU = Debug|Any CPU
		Release|Any CPU = Release|Any CPU
	EndGlobalSection
	GlobalSection(ProjectConfigurationPlatforms) = postSolution
		{3AAD694B-CCED-E954-F732-79FF30C3896F}.Debug|Any CPU.ActiveCfg = Debug|Any CPU
		{3AAD694B-CCED-E954-F732-79FF30C3896F}.Debug|Any CPU.Build.0 = Debug|Any CPU
		{3AAD694B-CCED-E954-F732-79FF30C3896F}.Release|Any CPU.ActiveCfg = Release|Any CPU
		{3AAD694B-CCED-E954-F732-79FF30C3896F}.Release|Any CPU.Build.0 = Release|Any CPU
	EndGlobalSection
	GlobalSection(SolutionProperties) = preSolution
		HideSolutionNode = FALSE
	EndGlobalSection
EndGlobal
